
Microsoft Visual Studio Solution File, Format Version 12.00
# Visual Studio Version 16
VisualStudioVersion = 16.0.32002.261
MinimumVisualStudioVersion = 10.0.40219.1
Project("{FAE04EC0-301F-11D3-BF4B-00C04F79EFBC}") = "Ch04Ex02", "Ch04Ex02\Ch04Ex02.csproj", "{49EBE91E-4C22-4D06-AF49-3F30C800941B}"
EndProject
Global
	GlobalSection(SolutionConfigurationPlatforms) = preSolution
		Debug|Any CPU = Debug|Any CPU
		Release|Any CPU = Release|Any CPU
	EndGlobalSection
	GlobalSection(ProjectConfigurationPlatforms) = postSolution
		{49EBE91E-4C22-4D06-AF49-3F30C800941B}.Debug|Any CPU.ActiveCfg = Debug|Any CPU
		{49EBE91E-4C22-4D06-AF49-3F30C800941B}.Debug|Any CPU.Build.0 = Debug|Any CPU
		{49EBE91E-4C22-4D06-AF49-3F30C800941B}.Release|Any CPU.ActiveCfg = Release|Any CPU
		{49EBE91E-4C22-4D06-AF49-3F30C800941B}.Release|Any CPU.Build.0 = Release|Any CPU
	EndGlobalSection
	GlobalSection(SolutionProperties) = preSolution
		HideSolutionNode = FALSE
	EndGlobalSection
	GlobalSection(ExtensibilityGlobals) = postSolution
		SolutionGuid = {F13352AF-E9EF-4ADC-B3A9-C58609777D97}
	EndGlobalSection
EndGlobal
