
Microsoft Visual Studio Solution File, Format Version 12.00
# Visual Studio Version 16
VisualStudioVersion = 16.0.32002.261
MinimumVisualStudioVersion = 10.0.40219.1
Project("{FAE04EC0-301F-11D3-BF4B-00C04F79EFBC}") = "Ch03Ex01", "Ch03Ex01\Ch03Ex01.csproj", "{3F59458E-B6E6-4AB2-A457-5BE3CFAD3AED}"
EndProject
Global
	GlobalSection(SolutionConfigurationPlatforms) = preSolution
		Debug|Any CPU = Debug|Any CPU
		Release|Any CPU = Release|Any CPU
	EndGlobalSection
	GlobalSection(ProjectConfigurationPlatforms) = postSolution
		{3F59458E-B6E6-4AB2-A457-5BE3CFAD3AED}.Debug|Any CPU.ActiveCfg = Debug|Any CPU
		{3F59458E-B6E6-4AB2-A457-5BE3CFAD3AED}.Debug|Any CPU.Build.0 = Debug|Any CPU
		{3F59458E-B6E6-4AB2-A457-5BE3CFAD3AED}.Release|Any CPU.ActiveCfg = Release|Any CPU
		{3F59458E-B6E6-4AB2-A457-5BE3CFAD3AED}.Release|Any CPU.Build.0 = Release|Any CPU
	EndGlobalSection
	GlobalSection(SolutionProperties) = preSolution
		HideSolutionNode = FALSE
	EndGlobalSection
	GlobalSection(ExtensibilityGlobals) = postSolution
		SolutionGuid = {2DE55E2C-5EE5-4362-A52C-017DD87B0145}
	EndGlobalSection
EndGlobal
